
Microsoft Visual Studio Solution File, Format Version 12.00
# Visual Studio Version 17
VisualStudioVersion = 17.4.33103.184
MinimumVisualStudioVersion = 10.0.40219.1
Project("{8BC9CEB8-8B4A-11D0-8D11-00A0C91BC942}") = "basic GA", "basic GA.vcxproj", "{1D1BBDFF-E041-4383-B842-B934BED73C32}"
EndProject
Project("{8BC9CEB8-8B4A-11D0-8D11-00A0C91BC942}") = "island GA", "..\island GA\gender GA.vcxproj", "{4BF5A9DD-C1B1-4F4D-A48C-462932377122}"
EndProject
Global
	GlobalSection(SolutionConfigurationPlatforms) = preSolution
		Debug|x64 = Debug|x64
		Debug|x86 = Debug|x86
		Release|x64 = Release|x64
		Release|x86 = Release|x86
	EndGlobalSection
	GlobalSection(ProjectConfigurationPlatforms) = postSolution
		{1D1BBDFF-E041-4383-B842-B934BED73C32}.Debug|x64.ActiveCfg = Debug|x64
		{1D1BBDFF-E041-4383-B842-B934BED73C32}.Debug|x64.Build.0 = Debug|x64
		{1D1BBDFF-E041-4383-B842-B934BED73C32}.Debug|x86.ActiveCfg = Debug|Win32
		{1D1BBDFF-E041-4383-B842-B934BED73C32}.Debug|x86.Build.0 = Debug|Win32
		{1D1BBDFF-E041-4383-B842-B934BED73C32}.Release|x64.ActiveCfg = Release|x64
		{1D1BBDFF-E041-4383-B842-B934BED73C32}.Release|x64.Build.0 = Release|x64
		{1D1BBDFF-E041-4383-B842-B934BED73C32}.Release|x86.ActiveCfg = Release|Win32
		{1D1BBDFF-E041-4383-B842-B934BED73C32}.Release|x86.Build.0 = Release|Win32
		{4BF5A9DD-C1B1-4F4D-A48C-462932377122}.Debug|x64.ActiveCfg = Debug|x64
		{4BF5A9DD-C1B1-4F4D-A48C-462932377122}.Debug|x64.Build.0 = Debug|x64
		{4BF5A9DD-C1B1-4F4D-A48C-462932377122}.Debug|x86.ActiveCfg = Debug|Win32
		{4BF5A9DD-C1B1-4F4D-A48C-462932377122}.Debug|x86.Build.0 = Debug|Win32
		{4BF5A9DD-C1B1-4F4D-A48C-462932377122}.Release|x64.ActiveCfg = Release|x64
		{4BF5A9DD-C1B1-4F4D-A48C-462932377122}.Release|x64.Build.0 = Release|x64
		{4BF5A9DD-C1B1-4F4D-A48C-462932377122}.Release|x86.ActiveCfg = Release|Win32
		{4BF5A9DD-C1B1-4F4D-A48C-462932377122}.Release|x86.Build.0 = Release|Win32
	EndGlobalSection
	GlobalSection(SolutionProperties) = preSolution
		HideSolutionNode = FALSE
	EndGlobalSection
	GlobalSection(ExtensibilityGlobals) = postSolution
		SolutionGuid = {991997F3-9C4A-4181-B664-AAFB471EABB2}
	EndGlobalSection
EndGlobal
